
Microsoft Visual Studio Solution File, Format Version 12.00
# Visual Studio Version 17
VisualStudioVersion = 17.9.34310.174
MinimumVisualStudioVersion = 10.0.40219.1
Project("{FAE04EC0-301F-11D3-BF4B-00C04F79EFBC}") = "MagicVilla", "MagicVilla\MagicVilla.csproj", "{9FC63AC8-6A0F-48E8-93AE-B05276A31E0A}"
EndProject
Global
	GlobalSection(SolutionConfigurationPlatforms) = preSolution
		Debug|Any CPU = Debug|Any CPU
		Release|Any CPU = Release|Any CPU
	EndGlobalSection
	GlobalSection(ProjectConfigurationPlatforms) = postSolution
		{9FC63AC8-6A0F-48E8-93AE-B05276A31E0A}.Debug|Any CPU.ActiveCfg = Debug|Any CPU
		{9FC63AC8-6A0F-48E8-93AE-B05276A31E0A}.Debug|Any CPU.Build.0 = Debug|Any CPU
		{9FC63AC8-6A0F-48E8-93AE-B05276A31E0A}.Release|Any CPU.ActiveCfg = Release|Any CPU
		{9FC63AC8-6A0F-48E8-93AE-B05276A31E0A}.Release|Any CPU.Build.0 = Release|Any CPU
	EndGlobalSection
	GlobalSection(SolutionProperties) = preSolution
		HideSolutionNode = FALSE
	EndGlobalSection
	GlobalSection(ExtensibilityGlobals) = postSolution
		SolutionGuid = {0C0D6BD2-9255-4101-8675-88D4DA6BAAF4}
	EndGlobalSection
EndGlobal
